
Microsoft Visual Studio Solution File, Format Version 12.00
# Visual Studio Version 17
VisualStudioVersion = 17.0.31903.59
MinimumVisualStudioVersion = 10.0.40219.1
Project("{FAE04EC0-301F-11D3-BF4B-00C04F79EFBC}") = "DT.Saga", "src\DT.Saga\DT.Saga.csproj", "{2F06BB4D-BCF1-4FC6-BC5F-28ECBA79F8CE}"
EndProject
Project("{FAE04EC0-301F-11D3-BF4B-00C04F79EFBC}") = "DT.Orders", "src\DT.Orders\DT.Orders.csproj", "{44324652-2C08-481A-8DF7-B23656CDB3A1}"
EndProject
Project("{FAE04EC0-301F-11D3-BF4B-00C04F79EFBC}") = "DT.Payments", "src\DT.Payments\DT.Payments.csproj", "{86A903E9-C5AF-418A-B68F-F874EA5182CA}"
EndProject
Project("{FAE04EC0-301F-11D3-BF4B-00C04F79EFBC}") = "DT.Inventories", "src\DT.Inventories\DT.Inventories.csproj", "{C8DDF1E0-3C10-4008-9FE1-FCF8AA400A45}"
EndProject
Project("{FAE04EC0-301F-11D3-BF4B-00C04F79EFBC}") = "DT.Common", "src\DT.Common\DT.Common.csproj", "{7CBB4233-0F34-4B23-B097-60FDCD24BD42}"
EndProject
Project("{FAE04EC0-301F-11D3-BF4B-00C04F79EFBC}") = "DT.CoordinatorNode", "src\DT.CoordinatorNode\DT.CoordinatorNode.csproj", "{59B06949-4934-48DD-9D50-63A7A291F4A3}"
EndProject
Global
	GlobalSection(SolutionConfigurationPlatforms) = preSolution
		Debug|Any CPU = Debug|Any CPU
		Release|Any CPU = Release|Any CPU
	EndGlobalSection
	GlobalSection(ProjectConfigurationPlatforms) = postSolution
		{2F06BB4D-BCF1-4FC6-BC5F-28ECBA79F8CE}.Debug|Any CPU.ActiveCfg = Debug|Any CPU
		{2F06BB4D-BCF1-4FC6-BC5F-28ECBA79F8CE}.Debug|Any CPU.Build.0 = Debug|Any CPU
		{2F06BB4D-BCF1-4FC6-BC5F-28ECBA79F8CE}.Release|Any CPU.ActiveCfg = Release|Any CPU
		{2F06BB4D-BCF1-4FC6-BC5F-28ECBA79F8CE}.Release|Any CPU.Build.0 = Release|Any CPU
		{44324652-2C08-481A-8DF7-B23656CDB3A1}.Debug|Any CPU.ActiveCfg = Debug|Any CPU
		{44324652-2C08-481A-8DF7-B23656CDB3A1}.Debug|Any CPU.Build.0 = Debug|Any CPU
		{44324652-2C08-481A-8DF7-B23656CDB3A1}.Release|Any CPU.ActiveCfg = Release|Any CPU
		{44324652-2C08-481A-8DF7-B23656CDB3A1}.Release|Any CPU.Build.0 = Release|Any CPU
		{86A903E9-C5AF-418A-B68F-F874EA5182CA}.Debug|Any CPU.ActiveCfg = Debug|Any CPU
		{86A903E9-C5AF-418A-B68F-F874EA5182CA}.Debug|Any CPU.Build.0 = Debug|Any CPU
		{86A903E9-C5AF-418A-B68F-F874EA5182CA}.Release|Any CPU.ActiveCfg = Release|Any CPU
		{86A903E9-C5AF-418A-B68F-F874EA5182CA}.Release|Any CPU.Build.0 = Release|Any CPU
		{C8DDF1E0-3C10-4008-9FE1-FCF8AA400A45}.Debug|Any CPU.ActiveCfg = Debug|Any CPU
		{C8DDF1E0-3C10-4008-9FE1-FCF8AA400A45}.Debug|Any CPU.Build.0 = Debug|Any CPU
		{C8DDF1E0-3C10-4008-9FE1-FCF8AA400A45}.Release|Any CPU.ActiveCfg = Release|Any CPU
		{C8DDF1E0-3C10-4008-9FE1-FCF8AA400A45}.Release|Any CPU.Build.0 = Release|Any CPU
		{7CBB4233-0F34-4B23-B097-60FDCD24BD42}.Debug|Any CPU.ActiveCfg = Debug|Any CPU
		{7CBB4233-0F34-4B23-B097-60FDCD24BD42}.Debug|Any CPU.Build.0 = Debug|Any CPU
		{7CBB4233-0F34-4B23-B097-60FDCD24BD42}.Release|Any CPU.ActiveCfg = Release|Any CPU
		{7CBB4233-0F34-4B23-B097-60FDCD24BD42}.Release|Any CPU.Build.0 = Release|Any CPU
		{59B06949-4934-48DD-9D50-63A7A291F4A3}.Debug|Any CPU.ActiveCfg = Debug|Any CPU
		{59B06949-4934-48DD-9D50-63A7A291F4A3}.Debug|Any CPU.Build.0 = Debug|Any CPU
		{59B06949-4934-48DD-9D50-63A7A291F4A3}.Release|Any CPU.ActiveCfg = Release|Any CPU
		{59B06949-4934-48DD-9D50-63A7A291F4A3}.Release|Any CPU.Build.0 = Release|Any CPU
	EndGlobalSection
	GlobalSection(SolutionProperties) = preSolution
		HideSolutionNode = FALSE
	EndGlobalSection
EndGlobal
